// !$*UTF8*$!
{
	archiveVersion = 1;
	classes = {
	};
	objectVersion = 50;
	objects = {

/* Begin PBXBuildFile section */
		7BDBB6462451704000A37CC6 /* AppDelegate.swift in Sources */ = {isa = PBXBuildFile; fileRef = 7BDBB6452451704000A37CC6 /* AppDelegate.swift */; };
		7BDBB6482451704000A37CC6 /* SceneDelegate.swift in Sources */ = {isa = PBXBuildFile; fileRef = 7BDBB6472451704000A37CC6 /* SceneDelegate.swift */; };
		7BDBB64B2451704000A37CC6 /* ConjugatorIII.xcdatamodeld in Sources */ = {isa = PBXBuildFile; fileRef = 7BDBB6492451704000A37CC6 /* ConjugatorIII.xcdatamodeld */; };
		7BDBB64D2451704000A37CC6 /* ContentView.swift in Sources */ = {isa = PBXBuildFile; fileRef = 7BDBB64C2451704000A37CC6 /* ContentView.swift */; };
		7BDBB64F2451704400A37CC6 /* Assets.xcassets in Resources */ = {isa = PBXBuildFile; fileRef = 7BDBB64E2451704400A37CC6 /* Assets.xcassets */; };
		7BDBB6522451704400A37CC6 /* Preview Assets.xcassets in Resources */ = {isa = PBXBuildFile; fileRef = 7BDBB6512451704400A37CC6 /* Preview Assets.xcassets */; };
		7BDBB6552451704400A37CC6 /* LaunchScreen.storyboard in Resources */ = {isa = PBXBuildFile; fileRef = 7BDBB6532451704400A37CC6 /* LaunchScreen.storyboard */; };
/* End PBXBuildFile section */

/* Begin PBXFileReference section */
		7BDBB6422451704000A37CC6 /* ConjugatorIII.app */ = {isa = PBXFileReference; explicitFileType = wrapper.application; includeInIndex = 0; path = ConjugatorIII.app; sourceTree = BUILT_PRODUCTS_DIR; };
		7BDBB6452451704000A37CC6 /* AppDelegate.swift */ = {isa = PBXFileReference; lastKnownFileType = sourcecode.swift; path = AppDelegate.swift; sourceTree = "<group>"; };
		7BDBB6472451704000A37CC6 /* SceneDelegate.swift */ = {isa = PBXFileReference; lastKnownFileType = sourcecode.swift; path = SceneDelegate.swift; sourceTree = "<group>"; };
		7BDBB64A2451704000A37CC6 /* ConjugatorIII.xcdatamodel */ = {isa = PBXFileReference; lastKnownFileType = wrapper.xcdatamodel; path = ConjugatorIII.xcdatamodel; sourceTree = "<group>"; };
		7BDBB64C2451704000A37CC6 /* ContentView.swift */ = {isa = PBXFileReference; lastKnownFileType = sourcecode.swift; path = ContentView.swift; sourceTree = "<group>"; };
		7BDBB64E2451704400A37CC6 /* Assets.xcassets */ = {isa = PBXFileReference; lastKnownFileType = folder.assetcatalog; path = Assets.xcassets; sourceTree = "<group>"; };
		7BDBB6512451704400A37CC6 /* Preview Assets.xcassets */ = {isa = PBXFileReference; lastKnownFileType = folder.assetcatalog; path = "Preview Assets.xcassets"; sourceTree = "<group>"; };
		7BDBB6542451704400A37CC6 /* Base */ = {isa = PBXFileReference; lastKnownFileType = file.storyboard; name = Base; path = Base.lproj/LaunchScreen.storyboard; sourceTree = "<group>"; };
		7BDBB6562451704400A37CC6 /* Info.plist */ = {isa = PBXFileReference; lastKnownFileType = text.plist.xml; path = Info.plist; sourceTree = "<group>"; };
/* End PBXFileReference section */

/* Begin PBXFrameworksBuildPhase section */
		7BDBB63F2451704000A37CC6 /* Frameworks */ = {
			isa = PBXFrameworksBuildPhase;
			buildActionMask = 2147483647;
			files = (
			);
			runOnlyForDeploymentPostprocessing = 0;
		};
/* End PBXFrameworksBuildPhase section */

/* Begin PBXGroup section */
		7BDBB6392451704000A37CC6 = {
			isa = PBXGroup;
			children = (
				7BDBB6442451704000A37CC6 /* ConjugatorIII */,
				7BDBB6432451704000A37CC6 /* Products */,
			);
			sourceTree = "<group>";
		};
		7BDBB6432451704000A37CC6 /* Products */ = {
			isa = PBXGroup;
			children = (
				7BDBB6422451704000A37CC6 /* ConjugatorIII.app */,
			);
			name = Products;
			sourceTree = "<group>";
		};
		7BDBB6442451704000A37CC6 /* ConjugatorIII */ = {
			isa = PBXGroup;
			children = (
				7BDBB6452451704000A37CC6 /* AppDelegate.swift */,
				7BDBB6472451704000A37CC6 /* SceneDelegate.swift */,
				7BDBB64C2451704000A37CC6 /* ContentView.swift */,
				7BDBB64E2451704400A37CC6 /* Assets.xcassets */,
				7BDBB6532451704400A37CC6 /* LaunchScreen.storyboard */,
				7BDBB6562451704400A37CC6 /* Info.plist */,
				7BDBB6492451704000A37CC6 /* ConjugatorIII.xcdatamodeld */,
				7BDBB6502451704400A37CC6 /* Preview Content */,
			);
			path = ConjugatorIII;
			sourceTree = "<group>";
		};
		7BDBB6502451704400A37CC6 /* Preview Content */ = {
			isa = PBXGroup;
			children = (
				7BDBB6512451704400A37CC6 /* Preview Assets.xcassets */,
			);
			path = "Preview Content";
			sourceTree = "<group>";
		};
/* End PBXGroup section */

/* Begin PBXNativeTarget section */
		7BDBB6412451704000A37CC6 /* ConjugatorIII */ = {
			isa = PBXNativeTarget;
			buildConfigurationList = 7BDBB6592451704400A37CC6 /* Build configuration list for PBXNativeTarget "ConjugatorIII" */;
			buildPhases = (
				7BDBB63E2451704000A37CC6 /* Sources */,
				7BDBB63F2451704000A37CC6 /* Frameworks */,
				7BDBB6402451704000A37CC6 /* Resources */,
			);
			buildRules = (
			);
			dependencies = (
			);
			name = ConjugatorIII;
			productName = ConjugatorIII;
			productReference = 7BDBB6422451704000A37CC6 /* ConjugatorIII.app */;
			productType = "com.apple.product-type.application";
		};
/* End PBXNativeTarget section */

/* Begin PBXProject section */
		7BDBB63A2451704000A37CC6 /* Project object */ = {
			isa = PBXProject;
			attributes = {
				LastSwiftUpdateCheck = 1140;
				LastUpgradeCheck = 1140;
				ORGANIZATIONNAME = "Mark Lucking";
				TargetAttributes = {
					7BDBB6412451704000A37CC6 = {
						CreatedOnToolsVersion = 11.4.1;
					};
				};
			};
			buildConfigurationList = 7BDBB63D2451704000A37CC6 /* Build configuration list for PBXProject "ConjugatorIII" */;
			compatibilityVersion = "Xcode 9.3";
			developmentRegion = en;
			hasScannedForEncodings = 0;
			knownRegions = (
				en,
				Base,
			);
			mainGroup = 7BDBB6392451704000A37CC6;
			productRefGroup = 7BDBB6432451704000A37CC6 /* Products */;
			projectDirPath = "";
			projectRoot = "";
			targets = (
				7BDBB6412451704000A37CC6 /* ConjugatorIII */,
			);
		};
/* End PBXProject section */

/* Begin PBXResourcesBuildPhase section */
		7BDBB6402451704000A37CC6 /* Resources */ = {
			isa = PBXResourcesBuildPhase;
			buildActionMask = 2147483647;
			files = (
				7BDBB6552451704400A37CC6 /* LaunchScreen.storyboard in Resources */,
				7BDBB6522451704400A37CC6 /* Preview Assets.xcassets in Resources */,
				7BDBB64F2451704400A37CC6 /* Assets.xcassets in Resources */,
			);
			runOnlyForDeploymentPostprocessing = 0;
		};
/* End PBXResourcesBuildPhase section */

/* Begin PBXSourcesBuildPhase section */
		7BDBB63E2451704000A37CC6 /* Sources */ = {
			isa = PBXSourcesBuildPhase;
			buildActionMask = 2147483647;
			files = (
				7BDBB6462451704000A37CC6 /* AppDelegate.swift in Sources */,
				7BDBB6482451704000A37CC6 /* SceneDelegate.swift in Sources */,
				7BDBB64D2451704000A37CC6 /* ContentView.swift in Sources */,
				7BDBB64B2451704000A37CC6 /* ConjugatorIII.xcdatamodeld in Sources */,
			);
			runOnlyForDeploymentPostprocessing = 0;
		};
/* End PBXSourcesBuildPhase section */

/* Begin PBXVariantGroup section */
		7BDBB6532451704400A37CC6 /* LaunchScreen.storyboard */ = {
			isa = PBXVariantGroup;
			children = (
				7BDBB6542451704400A37CC6 /* Base */,
			);
			name = LaunchScreen.storyboard;
			sourceTree = "<group>";
		};
/* End PBXVariantGroup section */

/* Begin XCBuildConfiguration section */
		7BDBB6572451704400A37CC6 /* Debug */ = {
			isa = XCBuildConfiguration;
			buildSettings = {
				ALWAYS_SEARCH_USER_PATHS = NO;
				CLANG_ANALYZER_NONNULL = YES;
				CLANG_ANALYZER_NUMBER_OBJECT_CONVERSION = YES_AGGRESSIVE;
				CLANG_CXX_LANGUAGE_STANDARD = "gnu++14";
				CLANG_CXX_LIBRARY = "libc++";
				CLANG_ENABLE_MODULES = YES;
				CLANG_ENABLE_OBJC_ARC = YES;
				CLANG_ENABLE_OBJC_WEAK = YES;
				CLANG_WARN_BLOCK_CAPTURE_AUTORELEASING = YES;
				CLANG_WARN_BOOL_CONVERSION = YES;
				CLANG_WARN_COMMA = YES;
				CLANG_WARN_CONSTANT_CONVERSION = YES;
				CLANG_WARN_DEPRECATED_OBJC_IMPLEMENTATIONS = YES;
				CLANG_WARN_DIRECT_OBJC_ISA_USAGE = YES_ERROR;
				CLANG_WARN_DOCUMENTATION_COMMENTS = YES;
				CLANG_WARN_EMPTY_BODY = YES;
				CLANG_WARN_ENUM_CONVERSION = YES;
				CLANG_WARN_INFINITE_RECURSION = YES;
				CLANG_WARN_INT_CONVERSION = YES;
				CLANG_WARN_NON_LITERAL_NULL_CONVERSION = YES;
				CLANG_WARN_OBJC_IMPLICIT_RETAIN_SELF = YES;
				CLANG_WARN_OBJC_LITERAL_CONVERSION = YES;
				CLANG_WARN_OBJC_ROOT_CLASS = YES_ERROR;
				CLANG_WARN_RANGE_LOOP_ANALYSIS = YES;
				CLANG_WARN_STRICT_PROTOTYPES = YES;
				CLANG_WARN_SUSPICIOUS_MOVE = YES;
				CLANG_WARN_UNGUARDED_AVAILABILITY = YES_AGGRESSIVE;
				CLANG_WARN_UNREACHABLE_CODE = YES;
				CLANG_WARN__DUPLICATE_METHOD_MATCH = YES;
				COPY_PHASE_STRIP = NO;
				DEBUG_INFORMATION_FORMAT = dwarf;
				ENABLE_STRICT_OBJC_MSGSEND = YES;
				ENABLE_TESTABILITY = YES;
				GCC_C_LANGUAGE_STANDARD = gnu11;
				GCC_DYNAMIC_NO_PIC = NO;
				GCC_NO_COMMON_BLOCKS = YES;
				GCC_OPTIMIZATION_LEVEL = 0;
				GCC_PREPROCESSOR_DEFINITIONS = (
					"DEBUG=1",
					"$(inherited)",
				);
				GCC_WARN_64_TO_32_BIT_CONVERSION = YES;
				GCC_WARN_ABOUT_RETURN_TYPE = YES_ERROR;
				GCC_WARN_UNDECLARED_SELECTOR = YES;
				GCC_WARN_UNINITIALIZED_AUTOS = YES_AGGRESSIVE;
				GCC_WARN_UNUSED_FUNCTION = YES;
				GCC_WARN_UNUSED_VARIABLE = YES;
				IPHONEOS_DEPLOYMENT_TARGET = 13.4;
				MTL_ENABLE_DEBUG_INFO = INCLUDE_SOURCE;
				MTL_FAST_MATH = YES;
				ONLY_ACTIVE_ARCH = YES;
				SDKROOT = iphoneos;
				SWIFT_ACTIVE_COMPILATION_CONDITIONS = DEBUG;
				SWIFT_OPTIMIZATION_LEVEL = "-Onone";
			};
			name = Debug;
		};
		7BDBB6582451704400A37CC6 /* Release */ = {
			isa = XCBuildConfiguration;
			buildSettings = {
				ALWAYS_SEARCH_USER_PATHS = NO;
				CLANG_ANALYZER_NONNULL = YES;
				CLANG_ANALYZER_NUMBER_OBJECT_CONVERSION = YES_AGGRESSIVE;
				CLANG_CXX_LANGUAGE_STANDARD = "gnu++14";
				CLANG_CXX_LIBRARY = "libc++";
				CLANG_ENABLE_MODULES = YES;
				CLANG_ENABLE_OBJC_ARC = YES;
				CLANG_ENABLE_OBJC_WEAK = YES;
				CLANG_WARN_BLOCK_CAPTURE_AUTORELEASING = YES;
				CLANG_WARN_BOOL_CONVERSION = YES;
				CLANG_WARN_COMMA = YES;
				CLANG_WARN_CONSTANT_CONVERSION = YES;
				CLANG_WARN_DEPRECATED_OBJC_IMPLEMENTATIONS = YES;
				CLANG_WARN_DIRECT_OBJC_ISA_USAGE = YES_ERROR;
				CLANG_WARN_DOCUMENTATION_COMMENTS = YES;
				CLANG_WARN_EMPTY_BODY = YES;
				CLANG_WARN_ENUM_CONVERSION = YES;
				CLANG_WARN_INFINITE_RECURSION = YES;
				CLANG_WARN_INT_CONVERSION = YES;
				CLANG_WARN_NON_LITERAL_NULL_CONVERSION = YES;
				CLANG_WARN_OBJC_IMPLICIT_RETAIN_SELF = YES;
				CLANG_WARN_OBJC_LITERAL_CONVERSION = YES;
				CLANG_WARN_OBJC_ROOT_CLASS = YES_ERROR;
				CLANG_WARN_RANGE_LOOP_ANALYSIS = YES;
				CLANG_WARN_STRICT_PROTOTYPES = YES;
				CLANG_WARN_SUSPICIOUS_MOVE = YES;
				CLANG_WARN_UNGUARDED_AVAILABILITY = YES_AGGRESSIVE;
				CLANG_WARN_UNREACHABLE_CODE = YES;
				CLANG_WARN__DUPLICATE_METHOD_MATCH = YES;
				COPY_PHASE_STRIP = NO;
				DEBUG_INFORMATION_FORMAT = "dwarf-with-dsym";
				ENABLE_NS_ASSERTIONS = NO;
				ENABLE_STRICT_OBJC_MSGSEND = YES;
				GCC_C_LANGUAGE_STANDARD = gnu11;
				GCC_NO_COMMON_BLOCKS = YES;
				GCC_WARN_64_TO_32_BIT_CONVERSION = YES;
				GCC_WARN_ABOUT_RETURN_TYPE = YES_ERROR;
				GCC_WARN_UNDECLARED_SELECTOR = YES;
				GCC_WARN_UNINITIALIZED_AUTOS = YES_AGGRESSIVE;
				GCC_WARN_UNUSED_FUNCTION = YES;
				GCC_WARN_UNUSED_VARIABLE = YES;
				IPHONEOS_DEPLOYMENT_TARGET = 13.4;
				MTL_ENABLE_DEBUG_INFO = NO;
				MTL_FAST_MATH = YES;
				SDKROOT = iphoneos;
				SWIFT_COMPILATION_MODE = wholemodule;
				SWIFT_OPTIMIZATION_LEVEL = "-O";
				VALIDATE_PRODUCT = YES;
			};
			name = Release;
		};
		7BDBB65A2451704400A37CC6 /* Debug */ = {
			isa = XCBuildConfiguration;
			buildSettings = {
				ASSETCATALOG_COMPILER_APPICON_NAME = AppIcon;
				CODE_SIGN_STYLE = Automatic;
				DEVELOPMENT_ASSET_PATHS = "\"ConjugatorIII/Preview Content\"";
				DEVELOPMENT_TEAM = CWGS87U262;
				ENABLE_PREVIEWS = YES;
				INFOPLIST_FILE = ConjugatorIII/Info.plist;
				LD_RUNPATH_SEARCH_PATHS = (
					"$(inherited)",
					"@executable_path/Frameworks",
				);
				PRODUCT_BUNDLE_IDENTIFIER = ch.cqd.ConjugatorIII;
				PRODUCT_NAME = "$(TARGET_NAME)";
				SWIFT_VERSION = 5.0;
				TARGETED_DEVICE_FAMILY = "1,2";
			};
			name = Debug;
		};
		7BDBB65B2451704400A37CC6 /* Release */ = {
			isa = XCBuildConfiguration;
			buildSettings = {
				ASSETCATALOG_COMPILER_APPICON_NAME = AppIcon;
				CODE_SIGN_STYLE = Automatic;
				DEVELOPMENT_ASSET_PATHS = "\"ConjugatorIII/Preview Content\"";
				DEVELOPMENT_TEAM = CWGS87U262;
				ENABLE_PREVIEWS = YES;
				INFOPLIST_FILE = ConjugatorIII/Info.plist;
				LD_RUNPATH_SEARCH_PATHS = (
					"$(inherited)",
					"@executable_path/Frameworks",
				);
				PRODUCT_BUNDLE_IDENTIFIER = ch.cqd.ConjugatorIII;
				PRODUCT_NAME = "$(TARGET_NAME)";
				SWIFT_VERSION = 5.0;
				TARGETED_DEVICE_FAMILY = "1,2";
			};
			name = Release;
		};
/* End XCBuildConfiguration section */

/* Begin XCConfigurationList section */
		7BDBB63D2451704000A37CC6 /* Build configuration list for PBXProject "ConjugatorIII" */ = {
			isa = XCConfigurationList;
			buildConfigurations = (
				7BDBB6572451704400A37CC6 /* Debug */,
				7BDBB6582451704400A37CC6 /* Release */,
			);
			defaultConfigurationIsVisible = 0;
			defaultConfigurationName = Release;
		};
		7BDBB6592451704400A37CC6 /* Build configuration list for PBXNativeTarget "ConjugatorIII" */ = {
			isa = XCConfigurationList;
			buildConfigurations = (
				7BDBB65A2451704400A37CC6 /* Debug */,
				7BDBB65B2451704400A37CC6 /* Release */,
			);
			defaultConfigurationIsVisible = 0;
			defaultConfigurationName = Release;
		};
/* End XCConfigurationList section */

/* Begin XCVersionGroup section */
		7BDBB6492451704000A37CC6 /* ConjugatorIII.xcdatamodeld */ = {
			isa = XCVersionGroup;
			children = (
				7BDBB64A2451704000A37CC6 /* ConjugatorIII.xcdatamodel */,
			);
			currentVersion = 7BDBB64A2451704000A37CC6 /* ConjugatorIII.xcdatamodel */;
			path = ConjugatorIII.xcdatamodeld;
			sourceTree = "<group>";
			versionGroupType = wrapper.xcdatamodel;
		};
/* End XCVersionGroup section */
	};
	rootObject = 7BDBB63A2451704000A37CC6 /* Project object */;
}
